
Microsoft Visual Studio Solution File, Format Version 12.00
# Visual Studio Version 17
VisualStudioVersion = 17.1.32228.430
MinimumVisualStudioVersion = 10.0.40219.1
Project("{8BC9CEB8-8B4A-11D0-8D11-00A0C91BC942}") = "BaseLibrary", "BaseLibrary\BaseLibrary.vcxproj", "{2364C44B-2E4D-4631-A050-B47509AFBC82}"
EndProject
Project("{2150E333-8FDC-42A3-9474-1A3956D46DE8}") = "Solution Items", "Solution Items", "{6EDA0515-BC8B-4200-97FE-8A37896BBE30}"
	ProjectSection(SolutionItems) = preProject
		.gitignore = .gitignore
		BaseLibrary.cppcheck = BaseLibrary.cppcheck
		LICENSE = LICENSE
		README.md = README.md
		Documentation\Releasenotes_v1.txt = Documentation\Releasenotes_v1.txt
		sourceclean.cmd = sourceclean.cmd
	EndProjectSection
EndProject
Project("{8BC9CEB8-8B4A-11D0-8D11-00A0C91BC942}") = "UnitTests", "UnitTests\UnitTests.vcxproj", "{0D712016-6A8E-4CBF-B252-C0771ECB03FE}"
	ProjectSection(ProjectDependencies) = postProject
		{2364C44B-2E4D-4631-A050-B47509AFBC82} = {2364C44B-2E4D-4631-A050-B47509AFBC82}
	EndProjectSection
EndProject
Project("{8BC9CEB8-8B4A-11D0-8D11-00A0C91BC942}") = "TestFilter", "TestFilter\TestFilter.vcxproj", "{DE5B971C-BF94-4951-ABB0-89F15B70ECCC}"
EndProject
Project("{8BC9CEB8-8B4A-11D0-8D11-00A0C91BC942}") = "TestRedirect", "TestRedirect\TestRedirect.vcxproj", "{BFAEAA24-687E-4809-9E4C-117AC717968B}"
	ProjectSection(ProjectDependencies) = postProject
		{2364C44B-2E4D-4631-A050-B47509AFBC82} = {2364C44B-2E4D-4631-A050-B47509AFBC82}
		{DE5B971C-BF94-4951-ABB0-89F15B70ECCC} = {DE5B971C-BF94-4951-ABB0-89F15B70ECCC}
	EndProjectSection
EndProject
Global
	GlobalSection(SolutionConfigurationPlatforms) = preSolution
		Debug|Win32 = Debug|Win32
		Debug|x64 = Debug|x64
		Debug|x86 = Debug|x86
		DebugUnicode|Win32 = DebugUnicode|Win32
		DebugUnicode|x64 = DebugUnicode|x64
		DebugUnicode|x86 = DebugUnicode|x86
		Release|Win32 = Release|Win32
		Release|x64 = Release|x64
		Release|x86 = Release|x86
		ReleaseUnicode|Win32 = ReleaseUnicode|Win32
		ReleaseUnicode|x64 = ReleaseUnicode|x64
		ReleaseUnicode|x86 = ReleaseUnicode|x86
	EndGlobalSection
	GlobalSection(ProjectConfigurationPlatforms) = postSolution
		{2364C44B-2E4D-4631-A050-B47509AFBC82}.Debug|Win32.ActiveCfg = Debug|Win32
		{2364C44B-2E4D-4631-A050-B47509AFBC82}.Debug|Win32.Build.0 = Debug|Win32
		{2364C44B-2E4D-4631-A050-B47509AFBC82}.Debug|x64.ActiveCfg = Debug|x64
		{2364C44B-2E4D-4631-A050-B47509AFBC82}.Debug|x64.Build.0 = Debug|x64
		{2364C44B-2E4D-4631-A050-B47509AFBC82}.Debug|x86.ActiveCfg = Debug|x64
		{2364C44B-2E4D-4631-A050-B47509AFBC82}.DebugUnicode|Win32.ActiveCfg = DebugUnicode|Win32
		{2364C44B-2E4D-4631-A050-B47509AFBC82}.DebugUnicode|Win32.Build.0 = DebugUnicode|Win32
		{2364C44B-2E4D-4631-A050-B47509AFBC82}.DebugUnicode|x64.ActiveCfg = DebugUnicode|x64
		{2364C44B-2E4D-4631-A050-B47509AFBC82}.DebugUnicode|x64.Build.0 = DebugUnicode|x64
		{2364C44B-2E4D-4631-A050-B47509AFBC82}.DebugUnicode|x86.ActiveCfg = DebugUnicode|x64
		{2364C44B-2E4D-4631-A050-B47509AFBC82}.DebugUnicode|x86.Build.0 = DebugUnicode|x64
		{2364C44B-2E4D-4631-A050-B47509AFBC82}.Release|Win32.ActiveCfg = Release|Win32
		{2364C44B-2E4D-4631-A050-B47509AFBC82}.Release|Win32.Build.0 = Release|Win32
		{2364C44B-2E4D-4631-A050-B47509AFBC82}.Release|x64.ActiveCfg = Release|x64
		{2364C44B-2E4D-4631-A050-B47509AFBC82}.Release|x64.Build.0 = Release|x64
		{2364C44B-2E4D-4631-A050-B47509AFBC82}.Release|x86.ActiveCfg = Release|x64
		{2364C44B-2E4D-4631-A050-B47509AFBC82}.ReleaseUnicode|Win32.ActiveCfg = ReleaseUnicode|Win32
		{2364C44B-2E4D-4631-A050-B47509AFBC82}.ReleaseUnicode|Win32.Build.0 = ReleaseUnicode|Win32
		{2364C44B-2E4D-4631-A050-B47509AFBC82}.ReleaseUnicode|x64.ActiveCfg = ReleaseUnicode|x64
		{2364C44B-2E4D-4631-A050-B47509AFBC82}.ReleaseUnicode|x64.Build.0 = ReleaseUnicode|x64
		{2364C44B-2E4D-4631-A050-B47509AFBC82}.ReleaseUnicode|x86.ActiveCfg = ReleaseUnicode|x64
		{2364C44B-2E4D-4631-A050-B47509AFBC82}.ReleaseUnicode|x86.Build.0 = ReleaseUnicode|x64
		{0D712016-6A8E-4CBF-B252-C0771ECB03FE}.Debug|Win32.ActiveCfg = Debug|Win32
		{0D712016-6A8E-4CBF-B252-C0771ECB03FE}.Debug|Win32.Build.0 = Debug|Win32
		{0D712016-6A8E-4CBF-B252-C0771ECB03FE}.Debug|x64.ActiveCfg = Debug|x64
		{0D712016-6A8E-4CBF-B252-C0771ECB03FE}.Debug|x64.Build.0 = Debug|x64
		{0D712016-6A8E-4CBF-B252-C0771ECB03FE}.Debug|x86.ActiveCfg = Debug|x64
		{0D712016-6A8E-4CBF-B252-C0771ECB03FE}.DebugUnicode|Win32.ActiveCfg = DebugUnicode|Win32
		{0D712016-6A8E-4CBF-B252-C0771ECB03FE}.DebugUnicode|Win32.Build.0 = DebugUnicode|Win32
		{0D712016-6A8E-4CBF-B252-C0771ECB03FE}.DebugUnicode|x64.ActiveCfg = DebugUnicode|x64
		{0D712016-6A8E-4CBF-B252-C0771ECB03FE}.DebugUnicode|x64.Build.0 = DebugUnicode|x64
		{0D712016-6A8E-4CBF-B252-C0771ECB03FE}.DebugUnicode|x86.ActiveCfg = DebugUnicode|x64
		{0D712016-6A8E-4CBF-B252-C0771ECB03FE}.DebugUnicode|x86.Build.0 = DebugUnicode|x64
		{0D712016-6A8E-4CBF-B252-C0771ECB03FE}.Release|Win32.ActiveCfg = Release|Win32
		{0D712016-6A8E-4CBF-B252-C0771ECB03FE}.Release|Win32.Build.0 = Release|Win32
		{0D712016-6A8E-4CBF-B252-C0771ECB03FE}.Release|x64.ActiveCfg = Release|x64
		{0D712016-6A8E-4CBF-B252-C0771ECB03FE}.Release|x64.Build.0 = Release|x64
		{0D712016-6A8E-4CBF-B252-C0771ECB03FE}.Release|x86.ActiveCfg = Release|x64
		{0D712016-6A8E-4CBF-B252-C0771ECB03FE}.ReleaseUnicode|Win32.ActiveCfg = ReleaseUnicode|Win32
		{0D712016-6A8E-4CBF-B252-C0771ECB03FE}.ReleaseUnicode|Win32.Build.0 = ReleaseUnicode|Win32
		{0D712016-6A8E-4CBF-B252-C0771ECB03FE}.ReleaseUnicode|x64.ActiveCfg = ReleaseUnicode|x64
		{0D712016-6A8E-4CBF-B252-C0771ECB03FE}.ReleaseUnicode|x64.Build.0 = ReleaseUnicode|x64
		{0D712016-6A8E-4CBF-B252-C0771ECB03FE}.ReleaseUnicode|x86.ActiveCfg = ReleaseUnicode|x64
		{0D712016-6A8E-4CBF-B252-C0771ECB03FE}.ReleaseUnicode|x86.Build.0 = ReleaseUnicode|x64
		{DE5B971C-BF94-4951-ABB0-89F15B70ECCC}.Debug|Win32.ActiveCfg = Debug|Win32
		{DE5B971C-BF94-4951-ABB0-89F15B70ECCC}.Debug|Win32.Build.0 = Debug|Win32
		{DE5B971C-BF94-4951-ABB0-89F15B70ECCC}.Debug|x64.ActiveCfg = Debug|x64
		{DE5B971C-BF94-4951-ABB0-89F15B70ECCC}.Debug|x64.Build.0 = Debug|x64
		{DE5B971C-BF94-4951-ABB0-89F15B70ECCC}.Debug|x86.ActiveCfg = Debug|Win32
		{DE5B971C-BF94-4951-ABB0-89F15B70ECCC}.Debug|x86.Build.0 = Debug|Win32
		{DE5B971C-BF94-4951-ABB0-89F15B70ECCC}.DebugUnicode|Win32.ActiveCfg = DebugUnicode|Win32
		{DE5B971C-BF94-4951-ABB0-89F15B70ECCC}.DebugUnicode|Win32.Build.0 = DebugUnicode|Win32
		{DE5B971C-BF94-4951-ABB0-89F15B70ECCC}.DebugUnicode|x64.ActiveCfg = DebugUnicode|x64
		{DE5B971C-BF94-4951-ABB0-89F15B70ECCC}.DebugUnicode|x64.Build.0 = DebugUnicode|x64
		{DE5B971C-BF94-4951-ABB0-89F15B70ECCC}.DebugUnicode|x86.ActiveCfg = DebugUnicode|Win32
		{DE5B971C-BF94-4951-ABB0-89F15B70ECCC}.DebugUnicode|x86.Build.0 = DebugUnicode|Win32
		{DE5B971C-BF94-4951-ABB0-89F15B70ECCC}.Release|Win32.ActiveCfg = Release|Win32
		{DE5B971C-BF94-4951-ABB0-89F15B70ECCC}.Release|Win32.Build.0 = Release|Win32
		{DE5B971C-BF94-4951-ABB0-89F15B70ECCC}.Release|x64.ActiveCfg = Release|x64
		{DE5B971C-BF94-4951-ABB0-89F15B70ECCC}.Release|x64.Build.0 = Release|x64
		{DE5B971C-BF94-4951-ABB0-89F15B70ECCC}.Release|x86.ActiveCfg = Release|Win32
		{DE5B971C-BF94-4951-ABB0-89F15B70ECCC}.Release|x86.Build.0 = Release|Win32
		{DE5B971C-BF94-4951-ABB0-89F15B70ECCC}.ReleaseUnicode|Win32.ActiveCfg = ReleaseUnicode|Win32
		{DE5B971C-BF94-4951-ABB0-89F15B70ECCC}.ReleaseUnicode|Win32.Build.0 = ReleaseUnicode|Win32
		{DE5B971C-BF94-4951-ABB0-89F15B70ECCC}.ReleaseUnicode|x64.ActiveCfg = ReleaseUnicode|x64
		{DE5B971C-BF94-4951-ABB0-89F15B70ECCC}.ReleaseUnicode|x64.Build.0 = ReleaseUnicode|x64
		{DE5B971C-BF94-4951-ABB0-89F15B70ECCC}.ReleaseUnicode|x86.ActiveCfg = ReleaseUnicode|Win32
		{DE5B971C-BF94-4951-ABB0-89F15B70ECCC}.ReleaseUnicode|x86.Build.0 = ReleaseUnicode|Win32
		{BFAEAA24-687E-4809-9E4C-117AC717968B}.Debug|Win32.ActiveCfg = Debug|Win32
		{BFAEAA24-687E-4809-9E4C-117AC717968B}.Debug|Win32.Build.0 = Debug|Win32
		{BFAEAA24-687E-4809-9E4C-117AC717968B}.Debug|x64.ActiveCfg = Debug|x64
		{BFAEAA24-687E-4809-9E4C-117AC717968B}.Debug|x64.Build.0 = Debug|x64
		{BFAEAA24-687E-4809-9E4C-117AC717968B}.Debug|x86.ActiveCfg = Debug|Win32
		{BFAEAA24-687E-4809-9E4C-117AC717968B}.Debug|x86.Build.0 = Debug|Win32
		{BFAEAA24-687E-4809-9E4C-117AC717968B}.DebugUnicode|Win32.ActiveCfg = DebugUnicode|Win32
		{BFAEAA24-687E-4809-9E4C-117AC717968B}.DebugUnicode|Win32.Build.0 = DebugUnicode|Win32
		{BFAEAA24-687E-4809-9E4C-117AC717968B}.DebugUnicode|x64.ActiveCfg = DebugUnicode|x64
		{BFAEAA24-687E-4809-9E4C-117AC717968B}.DebugUnicode|x64.Build.0 = DebugUnicode|x64
		{BFAEAA24-687E-4809-9E4C-117AC717968B}.DebugUnicode|x86.ActiveCfg = DebugUnicode|Win32
		{BFAEAA24-687E-4809-9E4C-117AC717968B}.DebugUnicode|x86.Build.0 = DebugUnicode|Win32
		{BFAEAA24-687E-4809-9E4C-117AC717968B}.Release|Win32.ActiveCfg = Release|Win32
		{BFAEAA24-687E-4809-9E4C-117AC717968B}.Release|Win32.Build.0 = Release|Win32
		{BFAEAA24-687E-4809-9E4C-117AC717968B}.Release|x64.ActiveCfg = Release|x64
		{BFAEAA24-687E-4809-9E4C-117AC717968B}.Release|x64.Build.0 = Release|x64
		{BFAEAA24-687E-4809-9E4C-117AC717968B}.Release|x86.ActiveCfg = Release|Win32
		{BFAEAA24-687E-4809-9E4C-117AC717968B}.Release|x86.Build.0 = Release|Win32
		{BFAEAA24-687E-4809-9E4C-117AC717968B}.ReleaseUnicode|Win32.ActiveCfg = ReleaseUnicode|Win32
		{BFAEAA24-687E-4809-9E4C-117AC717968B}.ReleaseUnicode|Win32.Build.0 = ReleaseUnicode|Win32
		{BFAEAA24-687E-4809-9E4C-117AC717968B}.ReleaseUnicode|x64.ActiveCfg = ReleaseUnicode|x64
		{BFAEAA24-687E-4809-9E4C-117AC717968B}.ReleaseUnicode|x64.Build.0 = ReleaseUnicode|x64
		{BFAEAA24-687E-4809-9E4C-117AC717968B}.ReleaseUnicode|x86.ActiveCfg = ReleaseUnicode|Win32
		{BFAEAA24-687E-4809-9E4C-117AC717968B}.ReleaseUnicode|x86.Build.0 = ReleaseUnicode|Win32
	EndGlobalSection
	GlobalSection(SolutionProperties) = preSolution
		HideSolutionNode = FALSE
	EndGlobalSection
	GlobalSection(ExtensibilityGlobals) = postSolution
		SolutionGuid = {1B9DAEBD-BCCB-4592-A7DD-E128131C6A53}
	EndGlobalSection
EndGlobal
